
Microsoft Visual Studio Solution File, Format Version 12.00
# Visual Studio Version 16
VisualStudioVersion = 16.0.34031.81
MinimumVisualStudioVersion = 10.0.40219.1
Project("{FAE04EC0-301F-11D3-BF4B-00C04F79EFBC}") = "RemoteServer", "RemoteServer\RemoteServer.csproj", "{56229A8C-DBDE-477A-951C-418C43575731}"
EndProject
Project("{FAE04EC0-301F-11D3-BF4B-00C04F79EFBC}") = "RemoteClient", "..\RemoteClient\RemoteClient.csproj", "{CDBD5F25-AFB0-4C16-AEAA-9AFF0BECE9F8}"
EndProject
Global
	GlobalSection(SolutionConfigurationPlatforms) = preSolution
		Debug|Any CPU = Debug|Any CPU
		Release|Any CPU = Release|Any CPU
	EndGlobalSection
	GlobalSection(ProjectConfigurationPlatforms) = postSolution
		{56229A8C-DBDE-477A-951C-418C43575731}.Debug|Any CPU.ActiveCfg = Debug|Any CPU
		{56229A8C-DBDE-477A-951C-418C43575731}.Debug|Any CPU.Build.0 = Debug|Any CPU
		{56229A8C-DBDE-477A-951C-418C43575731}.Release|Any CPU.ActiveCfg = Release|Any CPU
		{56229A8C-DBDE-477A-951C-418C43575731}.Release|Any CPU.Build.0 = Release|Any CPU
		{CDBD5F25-AFB0-4C16-AEAA-9AFF0BECE9F8}.Debug|Any CPU.ActiveCfg = Debug|Any CPU
		{CDBD5F25-AFB0-4C16-AEAA-9AFF0BECE9F8}.Debug|Any CPU.Build.0 = Debug|Any CPU
		{CDBD5F25-AFB0-4C16-AEAA-9AFF0BECE9F8}.Release|Any CPU.ActiveCfg = Release|Any CPU
		{CDBD5F25-AFB0-4C16-AEAA-9AFF0BECE9F8}.Release|Any CPU.Build.0 = Release|Any CPU
	EndGlobalSection
	GlobalSection(SolutionProperties) = preSolution
		HideSolutionNode = FALSE
	EndGlobalSection
	GlobalSection(ExtensibilityGlobals) = postSolution
		SolutionGuid = {16968640-B29F-4E17-BD19-CD194E7E15E2}
	EndGlobalSection
EndGlobal
