
Microsoft Visual Studio Solution File, Format Version 12.00
# Visual Studio Version 16
VisualStudioVersion = 16.0.34031.81
MinimumVisualStudioVersion = 10.0.40219.1
Project("{FAE04EC0-301F-11D3-BF4B-00C04F79EFBC}") = "Test_Case_2", "Test_Case_2\Test_Case_2.csproj", "{5E38AE75-2DCF-4271-8743-EB4810DF30EF}"
EndProject
Global
	GlobalSection(SolutionConfigurationPlatforms) = preSolution
		Debug|Any CPU = Debug|Any CPU
		Release|Any CPU = Release|Any CPU
	EndGlobalSection
	GlobalSection(ProjectConfigurationPlatforms) = postSolution
		{5E38AE75-2DCF-4271-8743-EB4810DF30EF}.Debug|Any CPU.ActiveCfg = Debug|Any CPU
		{5E38AE75-2DCF-4271-8743-EB4810DF30EF}.Debug|Any CPU.Build.0 = Debug|Any CPU
		{5E38AE75-2DCF-4271-8743-EB4810DF30EF}.Release|Any CPU.ActiveCfg = Release|Any CPU
		{5E38AE75-2DCF-4271-8743-EB4810DF30EF}.Release|Any CPU.Build.0 = Release|Any CPU
	EndGlobalSection
	GlobalSection(SolutionProperties) = preSolution
		HideSolutionNode = FALSE
	EndGlobalSection
	GlobalSection(ExtensibilityGlobals) = postSolution
		SolutionGuid = {4EBA6F0E-FF98-4433-AF18-315BDDD43501}
	EndGlobalSection
EndGlobal
