
Microsoft Visual Studio Solution File, Format Version 12.00
# Visual Studio Version 16
VisualStudioVersion = 16.0.34031.81
MinimumVisualStudioVersion = 10.0.40219.1
Project("{FAE04EC0-301F-11D3-BF4B-00C04F79EFBC}") = "Assignment8", "Assignment8\Assignment8.csproj", "{00C4CD9F-F800-4C86-A171-10FA6098336A}"
EndProject
Global
	GlobalSection(SolutionConfigurationPlatforms) = preSolution
		Debug|Any CPU = Debug|Any CPU
		Release|Any CPU = Release|Any CPU
	EndGlobalSection
	GlobalSection(ProjectConfigurationPlatforms) = postSolution
		{00C4CD9F-F800-4C86-A171-10FA6098336A}.Debug|Any CPU.ActiveCfg = Debug|Any CPU
		{00C4CD9F-F800-4C86-A171-10FA6098336A}.Debug|Any CPU.Build.0 = Debug|Any CPU
		{00C4CD9F-F800-4C86-A171-10FA6098336A}.Release|Any CPU.ActiveCfg = Release|Any CPU
		{00C4CD9F-F800-4C86-A171-10FA6098336A}.Release|Any CPU.Build.0 = Release|Any CPU
	EndGlobalSection
	GlobalSection(SolutionProperties) = preSolution
		HideSolutionNode = FALSE
	EndGlobalSection
	GlobalSection(ExtensibilityGlobals) = postSolution
		SolutionGuid = {52E017AD-5A05-4CD7-9841-E27D0C996FE8}
	EndGlobalSection
EndGlobal
