
Microsoft Visual Studio Solution File, Format Version 12.00
# Visual Studio Version 16
VisualStudioVersion = 16.0.34031.81
MinimumVisualStudioVersion = 10.0.40219.1
Project("{FAE04EC0-301F-11D3-BF4B-00C04F79EFBC}") = "adocodetest6", "adocodetest6\adocodetest6.csproj", "{D21A7482-A16E-4A88-8BB1-1DC30C949DDC}"
EndProject
Global
	GlobalSection(SolutionConfigurationPlatforms) = preSolution
		Debug|Any CPU = Debug|Any CPU
		Release|Any CPU = Release|Any CPU
	EndGlobalSection
	GlobalSection(ProjectConfigurationPlatforms) = postSolution
		{D21A7482-A16E-4A88-8BB1-1DC30C949DDC}.Debug|Any CPU.ActiveCfg = Debug|Any CPU
		{D21A7482-A16E-4A88-8BB1-1DC30C949DDC}.Debug|Any CPU.Build.0 = Debug|Any CPU
		{D21A7482-A16E-4A88-8BB1-1DC30C949DDC}.Release|Any CPU.ActiveCfg = Release|Any CPU
		{D21A7482-A16E-4A88-8BB1-1DC30C949DDC}.Release|Any CPU.Build.0 = Release|Any CPU
	EndGlobalSection
	GlobalSection(SolutionProperties) = preSolution
		HideSolutionNode = FALSE
	EndGlobalSection
	GlobalSection(ExtensibilityGlobals) = postSolution
		SolutionGuid = {1B2F9FE4-6EFA-4571-BF3C-4954F9401884}
	EndGlobalSection
EndGlobal
