
Microsoft Visual Studio Solution File, Format Version 12.00
# Visual Studio Version 16
VisualStudioVersion = 16.0.33927.289
MinimumVisualStudioVersion = 10.0.40219.1
Project("{FAE04EC0-301F-11D3-BF4B-00C04F79EFBC}") = "Assignment_4", "Assignment_4\Assignment_4.csproj", "{F591CC01-A892-4487-83F1-919A758F638D}"
EndProject
Global
	GlobalSection(SolutionConfigurationPlatforms) = preSolution
		Debug|Any CPU = Debug|Any CPU
		Release|Any CPU = Release|Any CPU
	EndGlobalSection
	GlobalSection(ProjectConfigurationPlatforms) = postSolution
		{F591CC01-A892-4487-83F1-919A758F638D}.Debug|Any CPU.ActiveCfg = Debug|Any CPU
		{F591CC01-A892-4487-83F1-919A758F638D}.Debug|Any CPU.Build.0 = Debug|Any CPU
		{F591CC01-A892-4487-83F1-919A758F638D}.Release|Any CPU.ActiveCfg = Release|Any CPU
		{F591CC01-A892-4487-83F1-919A758F638D}.Release|Any CPU.Build.0 = Release|Any CPU
	EndGlobalSection
	GlobalSection(SolutionProperties) = preSolution
		HideSolutionNode = FALSE
	EndGlobalSection
	GlobalSection(ExtensibilityGlobals) = postSolution
		SolutionGuid = {6FF82366-2711-4B05-BF50-19DE25C29008}
	EndGlobalSection
EndGlobal
