
Microsoft Visual Studio Solution File, Format Version 12.00
# Visual Studio Version 16
VisualStudioVersion = 16.0.34031.81
MinimumVisualStudioVersion = 10.0.40219.1
Project("{FAE04EC0-301F-11D3-BF4B-00C04F79EFBC}") = "Assignment-6", "Assignment-6\Assignment-6.csproj", "{A654FBE0-4C00-4CB7-AEA1-1E7FC0B7AF98}"
EndProject
Project("{FAE04EC0-301F-11D3-BF4B-00C04F79EFBC}") = "Concession_Library", "Concession_Library\Concession_Library.csproj", "{DC1B25AF-0B25-49B4-9EAA-8EBB4EDEF97D}"
EndProject
Global
	GlobalSection(SolutionConfigurationPlatforms) = preSolution
		Debug|Any CPU = Debug|Any CPU
		Release|Any CPU = Release|Any CPU
	EndGlobalSection
	GlobalSection(ProjectConfigurationPlatforms) = postSolution
		{A654FBE0-4C00-4CB7-AEA1-1E7FC0B7AF98}.Debug|Any CPU.ActiveCfg = Debug|Any CPU
		{A654FBE0-4C00-4CB7-AEA1-1E7FC0B7AF98}.Debug|Any CPU.Build.0 = Debug|Any CPU
		{A654FBE0-4C00-4CB7-AEA1-1E7FC0B7AF98}.Release|Any CPU.ActiveCfg = Release|Any CPU
		{A654FBE0-4C00-4CB7-AEA1-1E7FC0B7AF98}.Release|Any CPU.Build.0 = Release|Any CPU
		{DC1B25AF-0B25-49B4-9EAA-8EBB4EDEF97D}.Debug|Any CPU.ActiveCfg = Debug|Any CPU
		{DC1B25AF-0B25-49B4-9EAA-8EBB4EDEF97D}.Debug|Any CPU.Build.0 = Debug|Any CPU
		{DC1B25AF-0B25-49B4-9EAA-8EBB4EDEF97D}.Release|Any CPU.ActiveCfg = Release|Any CPU
		{DC1B25AF-0B25-49B4-9EAA-8EBB4EDEF97D}.Release|Any CPU.Build.0 = Release|Any CPU
	EndGlobalSection
	GlobalSection(SolutionProperties) = preSolution
		HideSolutionNode = FALSE
	EndGlobalSection
	GlobalSection(ExtensibilityGlobals) = postSolution
		SolutionGuid = {444D9A2F-B31F-49EC-920A-B09289F84F5A}
	EndGlobalSection
EndGlobal
