
Microsoft Visual Studio Solution File, Format Version 12.00
# Visual Studio Version 16
VisualStudioVersion = 16.0.34031.81
MinimumVisualStudioVersion = 10.0.40219.1
Project("{FAE04EC0-301F-11D3-BF4B-00C04F79EFBC}") = "QUESTION_3", "QUESTION_3\QUESTION_3.csproj", "{08420ADC-E0A1-41C5-8AF7-A1D1DE1D7FAB}"
EndProject
Global
	GlobalSection(SolutionConfigurationPlatforms) = preSolution
		Debug|Any CPU = Debug|Any CPU
		Release|Any CPU = Release|Any CPU
	EndGlobalSection
	GlobalSection(ProjectConfigurationPlatforms) = postSolution
		{08420ADC-E0A1-41C5-8AF7-A1D1DE1D7FAB}.Debug|Any CPU.ActiveCfg = Debug|Any CPU
		{08420ADC-E0A1-41C5-8AF7-A1D1DE1D7FAB}.Debug|Any CPU.Build.0 = Debug|Any CPU
		{08420ADC-E0A1-41C5-8AF7-A1D1DE1D7FAB}.Release|Any CPU.ActiveCfg = Release|Any CPU
		{08420ADC-E0A1-41C5-8AF7-A1D1DE1D7FAB}.Release|Any CPU.Build.0 = Release|Any CPU
	EndGlobalSection
	GlobalSection(SolutionProperties) = preSolution
		HideSolutionNode = FALSE
	EndGlobalSection
	GlobalSection(ExtensibilityGlobals) = postSolution
		SolutionGuid = {EFDC8370-4AD5-48A9-9CC5-3E8319435D43}
	EndGlobalSection
EndGlobal
