
Microsoft Visual Studio Solution File, Format Version 12.00
# Visual Studio Version 16
VisualStudioVersion = 16.0.34031.81
MinimumVisualStudioVersion = 10.0.40219.1
Project("{FAE04EC0-301F-11D3-BF4B-00C04F79EFBC}") = "Remote_server", "Remote_server\Remote_server.csproj", "{0707629D-E56B-4CBE-A102-03A44C5EA750}"
EndProject
Project("{FAE04EC0-301F-11D3-BF4B-00C04F79EFBC}") = "Remote_client", "Remote_client\Remote_client.csproj", "{F8569D93-B04C-4991-ADCD-68A87AFDCF5B}"
EndProject
Global
	GlobalSection(SolutionConfigurationPlatforms) = preSolution
		Debug|Any CPU = Debug|Any CPU
		Release|Any CPU = Release|Any CPU
	EndGlobalSection
	GlobalSection(ProjectConfigurationPlatforms) = postSolution
		{0707629D-E56B-4CBE-A102-03A44C5EA750}.Debug|Any CPU.ActiveCfg = Debug|Any CPU
		{0707629D-E56B-4CBE-A102-03A44C5EA750}.Debug|Any CPU.Build.0 = Debug|Any CPU
		{0707629D-E56B-4CBE-A102-03A44C5EA750}.Release|Any CPU.ActiveCfg = Release|Any CPU
		{0707629D-E56B-4CBE-A102-03A44C5EA750}.Release|Any CPU.Build.0 = Release|Any CPU
		{F8569D93-B04C-4991-ADCD-68A87AFDCF5B}.Debug|Any CPU.ActiveCfg = Debug|Any CPU
		{F8569D93-B04C-4991-ADCD-68A87AFDCF5B}.Debug|Any CPU.Build.0 = Debug|Any CPU
		{F8569D93-B04C-4991-ADCD-68A87AFDCF5B}.Release|Any CPU.ActiveCfg = Release|Any CPU
		{F8569D93-B04C-4991-ADCD-68A87AFDCF5B}.Release|Any CPU.Build.0 = Release|Any CPU
	EndGlobalSection
	GlobalSection(SolutionProperties) = preSolution
		HideSolutionNode = FALSE
	EndGlobalSection
	GlobalSection(ExtensibilityGlobals) = postSolution
		SolutionGuid = {3FEBB41A-EFC5-4F0D-8086-65884AF40E49}
	EndGlobalSection
EndGlobal
